
Microsoft Visual Studio Solution File, Format Version 12.00
# Visual Studio Version 17
VisualStudioVersion = 17.2.32526.322
MinimumVisualStudioVersion = 10.0.40219.1
Project("{9A19103F-16F7-4668-BE54-9A1E7A4F7556}") = "DataAccess.EF", "DataAccess.EF\DataAccess.EF.csproj", "{83321A95-9B53-4D38-8BB6-5AA94085AD26}"
EndProject
Project("{9A19103F-16F7-4668-BE54-9A1E7A4F7556}") = "OnlineShop", "OnlineShop\OnlineShop.csproj", "{FE4FC90F-D896-4086-806D-093E1E4BFD48}"
EndProject
Global
	GlobalSection(SolutionConfigurationPlatforms) = preSolution
		Debug|Any CPU = Debug|Any CPU
		Release|Any CPU = Release|Any CPU
	EndGlobalSection
	GlobalSection(ProjectConfigurationPlatforms) = postSolution
		{83321A95-9B53-4D38-8BB6-5AA94085AD26}.Debug|Any CPU.ActiveCfg = Debug|Any CPU
		{83321A95-9B53-4D38-8BB6-5AA94085AD26}.Debug|Any CPU.Build.0 = Debug|Any CPU
		{83321A95-9B53-4D38-8BB6-5AA94085AD26}.Release|Any CPU.ActiveCfg = Release|Any CPU
		{83321A95-9B53-4D38-8BB6-5AA94085AD26}.Release|Any CPU.Build.0 = Release|Any CPU
		{FE4FC90F-D896-4086-806D-093E1E4BFD48}.Debug|Any CPU.ActiveCfg = Debug|Any CPU
		{FE4FC90F-D896-4086-806D-093E1E4BFD48}.Debug|Any CPU.Build.0 = Debug|Any CPU
		{FE4FC90F-D896-4086-806D-093E1E4BFD48}.Release|Any CPU.ActiveCfg = Release|Any CPU
		{FE4FC90F-D896-4086-806D-093E1E4BFD48}.Release|Any CPU.Build.0 = Release|Any CPU
	EndGlobalSection
	GlobalSection(SolutionProperties) = preSolution
		HideSolutionNode = FALSE
	EndGlobalSection
	GlobalSection(ExtensibilityGlobals) = postSolution
		SolutionGuid = {C1FA38C6-E94D-41F0-969E-118FB2E5896E}
	EndGlobalSection
EndGlobal
